
Microsoft Visual Studio Solution File, Format Version 12.00
# Visual Studio Version 17
VisualStudioVersion = 17.11.35219.272
MinimumVisualStudioVersion = 10.0.40219.1
Project("{FAE04EC0-301F-11D3-BF4B-00C04F79EFBC}") = "Panderie581", "Panderie581.csproj", "{CC8D4CF2-0D53-47EE-B512-8A4B55F854AC}"
EndProject
Global
	GlobalSection(SolutionConfigurationPlatforms) = preSolution
		Debug|Any CPU = Debug|Any CPU
		Release|Any CPU = Release|Any CPU
	EndGlobalSection
	GlobalSection(ProjectConfigurationPlatforms) = postSolution
		{CC8D4CF2-0D53-47EE-B512-8A4B55F854AC}.Debug|Any CPU.ActiveCfg = Debug|Any CPU
		{CC8D4CF2-0D53-47EE-B512-8A4B55F854AC}.Debug|Any CPU.Build.0 = Debug|Any CPU
		{CC8D4CF2-0D53-47EE-B512-8A4B55F854AC}.Release|Any CPU.ActiveCfg = Release|Any CPU
		{CC8D4CF2-0D53-47EE-B512-8A4B55F854AC}.Release|Any CPU.Build.0 = Release|Any CPU
	EndGlobalSection
	GlobalSection(SolutionProperties) = preSolution
		HideSolutionNode = FALSE
	EndGlobalSection
	GlobalSection(ExtensibilityGlobals) = postSolution
		SolutionGuid = {9FA55064-A1D0-49C7-8B3C-F30C9D611207}
	EndGlobalSection
EndGlobal
